{
  "name": "rpg_js",
  "lockfileVersion": 3,
  "requires": true,
  "packages": {
    "": {
      "dependencies": {
        "chalk": "^5.2.0",
        "deepmerge-ts": "^4.3.0"
      }
    },
    "node_modules/chalk": {
      "version": "5.2.0",
      "resolved": "https://registry.npmjs.org/chalk/-/chalk-5.2.0.tgz",
      "integrity": "sha512-ree3Gqw/nazQAPuJJEy+avdl7QfZMcUvmHIKgEZkGL+xOBzRvup5Hxo6LHuMceSxOabuJLJm5Yp/92R9eMmMvA==",
      "engines": {
        "node": "^12.17.0 || ^14.13 || >=16.0.0"
      },
      "funding": {
        "url": "https://github.com/chalk/chalk?sponsor=1"
      }
    },
    "node_modules/deepmerge-ts": {
      "version": "4.3.0",
      "resolved": "https://registry.npmjs.org/deepmerge-ts/-/deepmerge-ts-4.3.0.tgz",
      "integrity": "sha512-if3ZYdkD2dClhnXR5reKtG98cwyaRT1NeugQoAPTTfsOpV9kqyeiBF9Qa5RHjemb3KzD5ulqygv6ED3t5j9eJw==",
      "engines": {
        "node": ">=12.4.0"
      }
    }
  }
}
